{
  "name": "ollama-test",
  "version": "1.0.0",
  "lockfileVersion": 3,
  "requires": true,
  "packages": {
    "": {
      "name": "ollama-test",
      "version": "1.0.0",
      "license": "ISC",
      "dependencies": {
        "ollama": "^0.4.5",
        "whatwg-fetch": "^3.6.20"
      },
      "devDependencies": {}
    },
    "node_modules/ollama": {
      "version": "0.4.5",
      "resolved": "https://registry.npmjs.org/ollama/-/ollama-0.4.5.tgz",
      "integrity": "sha512-3KWemWnYnzUpocOaf4ut1AQIHNustlieNVDsYwSU9v4avHIbGKeJ5XHdueyTFCPVvb/nDycywXwBJKc1auPr3Q==",
      "dependencies": {
        "whatwg-fetch": "^3.6.20"
      }
    },
    "node_modules/whatwg-fetch": {
      "version": "3.6.20",
      "resolved": "https://registry.npmjs.org/whatwg-fetch/-/whatwg-fetch-3.6.20.tgz",
      "integrity": "sha512-EqhiFU6daOA8kpjOWTL0olhVOF3i7OrFzSYiGsEMB8GcXS+RrzauAERX65xMeNWVqxA6HXH2m69Z9LaKKdisfg=="
    }
  }
}
